
Microsoft Visual Studio Solution File, Format Version 12.00
# Visual Studio 14
VisualStudioVersion = 14.0.25123.0
MinimumVisualStudioVersion = 10.0.40219.1
Project("{FAE04EC0-301F-11D3-BF4B-00C04F79EFBC}") = "Coffee", "Coffee\Coffee.csproj", "{F1F2954D-7873-4096-96E7-AC368830D26D}"
EndProject
Project("{FAE04EC0-301F-11D3-BF4B-00C04F79EFBC}") = "DAL", "DAL\DAL.csproj", "{673A4E7F-8000-4A3B-807F-6F2BC23983CA}"
EndProject
Global
	GlobalSection(SolutionConfigurationPlatforms) = preSolution
		Debug|Any CPU = Debug|Any CPU
		Release|Any CPU = Release|Any CPU
	EndGlobalSection
	GlobalSection(ProjectConfigurationPlatforms) = postSolution
		{F1F2954D-7873-4096-96E7-AC368830D26D}.Debug|Any CPU.ActiveCfg = Debug|Any CPU
		{F1F2954D-7873-4096-96E7-AC368830D26D}.Debug|Any CPU.Build.0 = Debug|Any CPU
		{F1F2954D-7873-4096-96E7-AC368830D26D}.Release|Any CPU.ActiveCfg = Release|Any CPU
		{F1F2954D-7873-4096-96E7-AC368830D26D}.Release|Any CPU.Build.0 = Release|Any CPU
		{673A4E7F-8000-4A3B-807F-6F2BC23983CA}.Debug|Any CPU.ActiveCfg = Debug|Any CPU
		{673A4E7F-8000-4A3B-807F-6F2BC23983CA}.Debug|Any CPU.Build.0 = Debug|Any CPU
		{673A4E7F-8000-4A3B-807F-6F2BC23983CA}.Release|Any CPU.ActiveCfg = Release|Any CPU
		{673A4E7F-8000-4A3B-807F-6F2BC23983CA}.Release|Any CPU.Build.0 = Release|Any CPU
	EndGlobalSection
	GlobalSection(SolutionProperties) = preSolution
		HideSolutionNode = FALSE
	EndGlobalSection
EndGlobal
